
Microsoft Visual Studio Solution File, Format Version 12.00
# Visual Studio 15
VisualStudioVersion = 15.0.27130.2010
MinimumVisualStudioVersion = 10.0.40219.1
Project("{9A19103F-16F7-4668-BE54-9A1E7A4F7556}") = "MonoGame.Additions.Entities", "MonoGame.Additions.Entities\MonoGame.Additions.Entities.csproj", "{76CBDEC1-2D2A-40B1-9492-3D94AE932BB0}"
EndProject
Project("{9A19103F-16F7-4668-BE54-9A1E7A4F7556}") = "MonoGame.Additions.Animations", "MonoGame.Additions.Animations\MonoGame.Additions.Animations.csproj", "{D7F31E60-C5BF-41F3-B1F4-F4BAC176AE88}"
EndProject
Project("{9A19103F-16F7-4668-BE54-9A1E7A4F7556}") = "MonoGame.Additions", "MonoGame.Additions\MonoGame.Additions.csproj", "{28D29D6B-CA6A-4B07-A59C-113DB21D55BB}"
EndProject
Project("{9A19103F-16F7-4668-BE54-9A1E7A4F7556}") = "MonoGame.Additions.Tiled", "MonoGame.Additions.Tiled\MonoGame.Additions.Tiled.csproj", "{B6111AD2-78FF-47A4-86F4-E20B8D532D41}"
EndProject
Project("{FAE04EC0-301F-11D3-BF4B-00C04F79EFBC}") = "MonoGame.Additions.ContentPipeline", "MonoGame.Additions.ContentPipeline\MonoGame.Additions.ContentPipeline.csproj", "{A592EA6E-CB6B-45E6-95B1-D6B953E86EF6}"
EndProject
Project("{FAE04EC0-301F-11D3-BF4B-00C04F79EFBC}") = "MonoGame.Additions.Tests", "MonoGame.Additions.Tests\MonoGame.Additions.Tests.csproj", "{68288A78-808D-424D-BD6E-2517EC23518A}"
EndProject
Project("{2150E333-8FDC-42A3-9474-1A3956D46DE8}") = "Demos", "Demos", "{EB31A70C-42CD-4770-8ED4-CA1D2F7785CF}"
EndProject
Project("{FAE04EC0-301F-11D3-BF4B-00C04F79EFBC}") = "PlatformerGame", "PlatformerGame\PlatformerGame.csproj", "{6BDE3F12-2946-4B7F-B272-8AACE8A8F42D}"
EndProject
Project("{FAE04EC0-301F-11D3-BF4B-00C04F79EFBC}") = "MonoGame.Additions.Collisions", "MonoGame.Additions.Collisions\MonoGame.Additions.Collisions.csproj", "{740B5938-2D92-46C6-B3E3-F0B2DE06E497}"
EndProject
Global
	GlobalSection(SolutionConfigurationPlatforms) = preSolution
		Debug|Any CPU = Debug|Any CPU
		Release|Any CPU = Release|Any CPU
	EndGlobalSection
	GlobalSection(ProjectConfigurationPlatforms) = postSolution
		{76CBDEC1-2D2A-40B1-9492-3D94AE932BB0}.Debug|Any CPU.ActiveCfg = Debug|Any CPU
		{76CBDEC1-2D2A-40B1-9492-3D94AE932BB0}.Debug|Any CPU.Build.0 = Debug|Any CPU
		{76CBDEC1-2D2A-40B1-9492-3D94AE932BB0}.Release|Any CPU.ActiveCfg = Release|Any CPU
		{76CBDEC1-2D2A-40B1-9492-3D94AE932BB0}.Release|Any CPU.Build.0 = Release|Any CPU
		{D7F31E60-C5BF-41F3-B1F4-F4BAC176AE88}.Debug|Any CPU.ActiveCfg = Debug|Any CPU
		{D7F31E60-C5BF-41F3-B1F4-F4BAC176AE88}.Debug|Any CPU.Build.0 = Debug|Any CPU
		{D7F31E60-C5BF-41F3-B1F4-F4BAC176AE88}.Release|Any CPU.ActiveCfg = Release|Any CPU
		{D7F31E60-C5BF-41F3-B1F4-F4BAC176AE88}.Release|Any CPU.Build.0 = Release|Any CPU
		{28D29D6B-CA6A-4B07-A59C-113DB21D55BB}.Debug|Any CPU.ActiveCfg = Debug|Any CPU
		{28D29D6B-CA6A-4B07-A59C-113DB21D55BB}.Debug|Any CPU.Build.0 = Debug|Any CPU
		{28D29D6B-CA6A-4B07-A59C-113DB21D55BB}.Release|Any CPU.ActiveCfg = Release|Any CPU
		{28D29D6B-CA6A-4B07-A59C-113DB21D55BB}.Release|Any CPU.Build.0 = Release|Any CPU
		{B6111AD2-78FF-47A4-86F4-E20B8D532D41}.Debug|Any CPU.ActiveCfg = Debug|Any CPU
		{B6111AD2-78FF-47A4-86F4-E20B8D532D41}.Debug|Any CPU.Build.0 = Debug|Any CPU
		{B6111AD2-78FF-47A4-86F4-E20B8D532D41}.Release|Any CPU.ActiveCfg = Release|Any CPU
		{B6111AD2-78FF-47A4-86F4-E20B8D532D41}.Release|Any CPU.Build.0 = Release|Any CPU
		{A592EA6E-CB6B-45E6-95B1-D6B953E86EF6}.Debug|Any CPU.ActiveCfg = Debug|Any CPU
		{A592EA6E-CB6B-45E6-95B1-D6B953E86EF6}.Debug|Any CPU.Build.0 = Debug|Any CPU
		{A592EA6E-CB6B-45E6-95B1-D6B953E86EF6}.Release|Any CPU.ActiveCfg = Release|Any CPU
		{A592EA6E-CB6B-45E6-95B1-D6B953E86EF6}.Release|Any CPU.Build.0 = Release|Any CPU
		{68288A78-808D-424D-BD6E-2517EC23518A}.Debug|Any CPU.ActiveCfg = Debug|Any CPU
		{68288A78-808D-424D-BD6E-2517EC23518A}.Debug|Any CPU.Build.0 = Debug|Any CPU
		{68288A78-808D-424D-BD6E-2517EC23518A}.Release|Any CPU.ActiveCfg = Release|Any CPU
		{68288A78-808D-424D-BD6E-2517EC23518A}.Release|Any CPU.Build.0 = Release|Any CPU
		{6BDE3F12-2946-4B7F-B272-8AACE8A8F42D}.Debug|Any CPU.ActiveCfg = Debug|Any CPU
		{6BDE3F12-2946-4B7F-B272-8AACE8A8F42D}.Debug|Any CPU.Build.0 = Debug|Any CPU
		{6BDE3F12-2946-4B7F-B272-8AACE8A8F42D}.Release|Any CPU.ActiveCfg = Release|Any CPU
		{6BDE3F12-2946-4B7F-B272-8AACE8A8F42D}.Release|Any CPU.Build.0 = Release|Any CPU
		{740B5938-2D92-46C6-B3E3-F0B2DE06E497}.Debug|Any CPU.ActiveCfg = Debug|Any CPU
		{740B5938-2D92-46C6-B3E3-F0B2DE06E497}.Debug|Any CPU.Build.0 = Debug|Any CPU
		{740B5938-2D92-46C6-B3E3-F0B2DE06E497}.Release|Any CPU.ActiveCfg = Release|Any CPU
		{740B5938-2D92-46C6-B3E3-F0B2DE06E497}.Release|Any CPU.Build.0 = Release|Any CPU
	EndGlobalSection
	GlobalSection(SolutionProperties) = preSolution
		HideSolutionNode = FALSE
	EndGlobalSection
	GlobalSection(NestedProjects) = preSolution
		{6BDE3F12-2946-4B7F-B272-8AACE8A8F42D} = {EB31A70C-42CD-4770-8ED4-CA1D2F7785CF}
	EndGlobalSection
	GlobalSection(ExtensibilityGlobals) = postSolution
		SolutionGuid = {CEE6D2BC-DE01-4ABD-B583-5530870389FD}
	EndGlobalSection
EndGlobal
